{
  "nodes": {
    "androsphinx-src": {
      "flake": false,
      "locked": {
        "lastModified": 1616793920,
        "narHash": "sha256-CERZgW5BSxkExJq7juoUmGlUp5fSUhUOmF+xo3xW1Nc=",
        "owner": "dnet",
        "repo": "androsphinx",
        "rev": "afcab7478357904d323a70a87d2037f7f56fb2f9",
        "type": "github"
      },
      "original": {
        "owner": "dnet",
        "repo": "androsphinx",
        "rev": "afcab7478357904d323a70a87d2037f7f56fb2f9",
        "type": "github"
      }
    },
    "bearssl-src": {
      "flake": false,
      "locked": {
        "lastModified": 1611758096,
        "narHash": "sha256-jm5WLCyQ/T2BxlPfn56G9iZyZg/RyWq4JFa8cspzkkY=",
        "ref": "master",
        "rev": "79b1a9996c094ff593ae50bc4edc1f349f39dd6d",
        "revCount": 149,
        "type": "git",
        "url": "https://www.bearssl.org/git/BearSSL"
      },
      "original": {
        "type": "git",
        "url": "https://www.bearssl.org/git/BearSSL"
      }
    },
    "libsphinx-src": {
      "flake": false,
      "locked": {
        "lastModified": 1612732677,
        "narHash": "sha256-j+rL/PGlv9JkWkMgPYB4rgcUYqhSGcTAAsTEZEloaNo=",
        "owner": "stef",
        "repo": "libsphinx",
        "rev": "51b0c18c94b645bd7ea3bb21aef623318e0b7939",
        "type": "github"
      },
      "original": {
        "owner": "stef",
        "repo": "libsphinx",
        "rev": "51b0c18c94b645bd7ea3bb21aef623318e0b7939",
        "type": "github"
      }
    },
    "nixpkgs": {
      "locked": {
        "lastModified": 1617625052,
        "narHash": "sha256-xVPPx+EWE6eJnHu2zbsmrt0hiVBCnAe6r+ooPuug0dY=",
        "owner": "NixOS",
        "repo": "nixpkgs",
        "rev": "3cadb8b32209d13714b53317ca96ccbd943b6e45",
        "type": "github"
      },
      "original": {
        "owner": "NixOS",
        "ref": "3cadb8b32209d13714b53317ca96ccbd943b6e45",
        "repo": "nixpkgs",
        "type": "github"
      }
    },
    "pwdsphinx-src": {
      "flake": false,
      "locked": {
        "lastModified": 1617792842,
        "narHash": "sha256-qFPqF6T1R0Hn8NHAbX8Ak9nhHtkxeKwfopd0cDkAGZE=",
        "owner": "stef",
        "repo": "pwdsphinx",
        "rev": "f7acc8c9f4e01d44ff3ad65d50e96be337741584",
        "type": "github"
      },
      "original": {
        "owner": "stef",
        "repo": "pwdsphinx",
        "rev": "f7acc8c9f4e01d44ff3ad65d50e96be337741584",
        "type": "github"
      }
    },
    "pysodium-src": {
      "flake": false,
      "locked": {
        "lastModified": 1612489197,
        "narHash": "sha256-/PlIGIn1eFcv6EHwoYugwb1Myg2PA34S4dBcvUjEZBg=",
        "owner": "stef",
        "repo": "pysodium",
        "rev": "3ffe86a4a2c731a993daac4dc142827201519f03",
        "type": "github"
      },
      "original": {
        "owner": "stef",
        "repo": "pysodium",
        "rev": "3ffe86a4a2c731a993daac4dc142827201519f03",
        "type": "github"
      }
    },
    "qrcodegen-src": {
      "flake": false,
      "locked": {
        "lastModified": 1583434848,
        "narHash": "sha256-FNPBrxB+jltI4lTvxPTxPq6ck5W5Z6xMSm8DZdPWCUc=",
        "owner": "nayuki",
        "repo": "QR-Code-generator",
        "rev": "71c75cfeb0f06788ebc43a39b704c39fcf5eba7c",
        "type": "github"
      },
      "original": {
        "owner": "nayuki",
        "repo": "QR-Code-generator",
        "rev": "71c75cfeb0f06788ebc43a39b704c39fcf5eba7c",
        "type": "github"
      }
    },
    "root": {
      "inputs": {
        "androsphinx-src": "androsphinx-src",
        "bearssl-src": "bearssl-src",
        "libsphinx-src": "libsphinx-src",
        "nixpkgs": "nixpkgs",
        "pwdsphinx-src": "pwdsphinx-src",
        "pysodium-src": "pysodium-src",
        "qrcodegen-src": "qrcodegen-src",
        "securestring-src": "securestring-src",
        "zigtoml-src": "zigtoml-src",
        "zphinxzerver-src": "zphinxzerver-src"
      }
    },
    "securestring-src": {
      "flake": false,
      "locked": {
        "lastModified": 1498585553,
        "narHash": "sha256-FV5NUPberA5nqHad8IwkQLMldT1DPqTGpqOwgQ2zSdI=",
        "owner": "dnet",
        "repo": "pysecstr",
        "rev": "5d143cffd144378e8d50710de6bc05659f8645fd",
        "type": "github"
      },
      "original": {
        "owner": "dnet",
        "repo": "pysecstr",
        "rev": "5d143cffd144378e8d50710de6bc05659f8645fd",
        "type": "github"
      }
    },
    "zigtoml-src": {
      "flake": false,
      "locked": {
        "lastModified": 1605577729,
        "narHash": "sha256-fspGKgJV8Vc0IkVzoLVB9WTwlauQKNG5I27GMPp5Qv0=",
        "owner": "aeronavery",
        "repo": "zig-toml",
        "rev": "299e2d9f87816a5ce374853e03f13176b821b81e",
        "type": "github"
      },
      "original": {
        "owner": "aeronavery",
        "repo": "zig-toml",
        "rev": "299e2d9f87816a5ce374853e03f13176b821b81e",
        "type": "github"
      }
    },
    "zphinxzerver-src": {
      "flake": false,
      "locked": {
        "lastModified": 1617326959,
        "narHash": "sha256-CK/VHDaja01Oq/WCSrP6nKeDsd/9jE4TM8VeUgeyx6Y=",
        "owner": "stef",
        "repo": "zphinx-zerver",
        "rev": "5e4b7af350bed33ae52de17e11b2d65dc4edc691",
        "type": "github"
      },
      "original": {
        "owner": "stef",
        "repo": "zphinx-zerver",
        "rev": "5e4b7af350bed33ae52de17e11b2d65dc4edc691",
        "type": "github"
      }
    }
  },
  "root": "root",
  "version": 7
}
