{
  "nodes": {
    "androsphinx-src": {
      "flake": false,
      "locked": {
        "lastModified": 1626095536,
        "narHash": "sha256-aPjMq89OO3yADC8EQ88ioN82E9D+hWoLyb1UFXw6JuQ=",
        "owner": "dnet",
        "repo": "androsphinx",
        "rev": "8fddb9aab0d148520c29c050af814a35f24a6a37",
        "type": "github"
      },
      "original": {
        "owner": "dnet",
        "repo": "androsphinx",
        "rev": "8fddb9aab0d148520c29c050af814a35f24a6a37",
        "type": "github"
      }
    },
    "bearssl-src": {
      "flake": false,
      "locked": {
        "lastModified": 1611758096,
        "narHash": "sha256-jm5WLCyQ/T2BxlPfn56G9iZyZg/RyWq4JFa8cspzkkY=",
        "ref": "master",
        "rev": "79b1a9996c094ff593ae50bc4edc1f349f39dd6d",
        "revCount": 149,
        "type": "git",
        "url": "https://www.bearssl.org/git/BearSSL"
      },
      "original": {
        "type": "git",
        "url": "https://www.bearssl.org/git/BearSSL"
      }
    },
    "equihash-src": {
      "flake": false,
      "locked": {
        "lastModified": 1629123563,
        "narHash": "sha256-ZzdcnhtdX9ixecIbicejkeltcwwH4jv8K61MMRiEpxg=",
        "owner": "stef",
        "repo": "equihash",
        "rev": "d4657dcb588ae852f8ab5c777837b0578caa3ffb",
        "type": "github"
      },
      "original": {
        "owner": "stef",
        "repo": "equihash",
        "rev": "d4657dcb588ae852f8ab5c777837b0578caa3ffb",
        "type": "github"
      }
    },
    "libsphinx-src": {
      "flake": false,
      "locked": {
        "lastModified": 1612732677,
        "narHash": "sha256-j+rL/PGlv9JkWkMgPYB4rgcUYqhSGcTAAsTEZEloaNo=",
        "owner": "stef",
        "repo": "libsphinx",
        "rev": "51b0c18c94b645bd7ea3bb21aef623318e0b7939",
        "type": "github"
      },
      "original": {
        "owner": "stef",
        "repo": "libsphinx",
        "rev": "51b0c18c94b645bd7ea3bb21aef623318e0b7939",
        "type": "github"
      }
    },
    "nixpkgs": {
      "locked": {
        "lastModified": 1617625052,
        "narHash": "sha256-xVPPx+EWE6eJnHu2zbsmrt0hiVBCnAe6r+ooPuug0dY=",
        "owner": "NixOS",
        "repo": "nixpkgs",
        "rev": "3cadb8b32209d13714b53317ca96ccbd943b6e45",
        "type": "github"
      },
      "original": {
        "owner": "NixOS",
        "ref": "3cadb8b32209d13714b53317ca96ccbd943b6e45",
        "repo": "nixpkgs",
        "type": "github"
      }
    },
    "pwdsphinx-src": {
      "flake": false,
      "locked": {
        "lastModified": 1626465956,
        "narHash": "sha256-SxysoOHyNyZcrGm6qZxEps7iJSpgfyDOSeVUntAx4cE=",
        "owner": "stef",
        "repo": "pwdsphinx",
        "rev": "7fde7bbcb91b83f035c5d5783f6fedb15e58ca1d",
        "type": "github"
      },
      "original": {
        "owner": "stef",
        "repo": "pwdsphinx",
        "rev": "7fde7bbcb91b83f035c5d5783f6fedb15e58ca1d",
        "type": "github"
      }
    },
    "pysodium-src": {
      "flake": false,
      "locked": {
        "lastModified": 1612489197,
        "narHash": "sha256-/PlIGIn1eFcv6EHwoYugwb1Myg2PA34S4dBcvUjEZBg=",
        "owner": "stef",
        "repo": "pysodium",
        "rev": "3ffe86a4a2c731a993daac4dc142827201519f03",
        "type": "github"
      },
      "original": {
        "owner": "stef",
        "repo": "pysodium",
        "rev": "3ffe86a4a2c731a993daac4dc142827201519f03",
        "type": "github"
      }
    },
    "qrcodegen-src": {
      "flake": false,
      "locked": {
        "lastModified": 1583434848,
        "narHash": "sha256-FNPBrxB+jltI4lTvxPTxPq6ck5W5Z6xMSm8DZdPWCUc=",
        "owner": "nayuki",
        "repo": "QR-Code-generator",
        "rev": "71c75cfeb0f06788ebc43a39b704c39fcf5eba7c",
        "type": "github"
      },
      "original": {
        "owner": "nayuki",
        "repo": "QR-Code-generator",
        "rev": "71c75cfeb0f06788ebc43a39b704c39fcf5eba7c",
        "type": "github"
      }
    },
    "root": {
      "inputs": {
        "androsphinx-src": "androsphinx-src",
        "bearssl-src": "bearssl-src",
        "equihash-src": "equihash-src",
        "libsphinx-src": "libsphinx-src",
        "nixpkgs": "nixpkgs",
        "pwdsphinx-src": "pwdsphinx-src",
        "pysodium-src": "pysodium-src",
        "qrcodegen-src": "qrcodegen-src",
        "securestring-src": "securestring-src",
        "zigtoml-src": "zigtoml-src",
        "zphinxzerver-src": "zphinxzerver-src"
      }
    },
    "securestring-src": {
      "flake": false,
      "locked": {
        "lastModified": 1498585553,
        "narHash": "sha256-FV5NUPberA5nqHad8IwkQLMldT1DPqTGpqOwgQ2zSdI=",
        "owner": "dnet",
        "repo": "pysecstr",
        "rev": "5d143cffd144378e8d50710de6bc05659f8645fd",
        "type": "github"
      },
      "original": {
        "owner": "dnet",
        "repo": "pysecstr",
        "rev": "5d143cffd144378e8d50710de6bc05659f8645fd",
        "type": "github"
      }
    },
    "zigtoml-src": {
      "flake": false,
      "locked": {
        "lastModified": 1605577729,
        "narHash": "sha256-fspGKgJV8Vc0IkVzoLVB9WTwlauQKNG5I27GMPp5Qv0=",
        "owner": "aeronavery",
        "repo": "zig-toml",
        "rev": "299e2d9f87816a5ce374853e03f13176b821b81e",
        "type": "github"
      },
      "original": {
        "owner": "aeronavery",
        "repo": "zig-toml",
        "rev": "299e2d9f87816a5ce374853e03f13176b821b81e",
        "type": "github"
      }
    },
    "zphinxzerver-src": {
      "flake": false,
      "locked": {
        "lastModified": 1626458772,
        "narHash": "sha256-VkeFfx5MJGDFwXhwQAM0KmYwzRFZCIrlMqwRl27yirc=",
        "owner": "stef",
        "repo": "zphinx-zerver",
        "rev": "b33107981bf926db63b01979297e24d8a56588d1",
        "type": "github"
      },
      "original": {
        "owner": "stef",
        "repo": "zphinx-zerver",
        "rev": "b33107981bf926db63b01979297e24d8a56588d1",
        "type": "github"
      }
    }
  },
  "root": "root",
  "version": 7
}
